// !$*UTF8*$!
{
	archiveVersion = 1;
	classes = {
	};
	objectVersion = 46;
	objects = {

/* Begin PBXBuildFile section */
		0A35993720BF704D001AE36F /* AppDelegate.swift in Sources */ = {isa = PBXBuildFile; fileRef = 0A35990B20BF704D001AE36F /* AppDelegate.swift */; };
		0A35993820BF704D001AE36F /* AssetDetailCollectionViewController.swift in Sources */ = {isa = PBXBuildFile; fileRef = 0A35990D20BF704D001AE36F /* AssetDetailCollectionViewController.swift */; };
		0A35993920BF704D001AE36F /* ParallaxHeroLayout.swift in Sources */ = {isa = PBXBuildFile; fileRef = 0A35990F20BF704D001AE36F /* ParallaxHeroLayout.swift */; };
		0A35993A20BF704D001AE36F /* ParallaxHeroLayoutAttributes.swift in Sources */ = {isa = PBXBuildFile; fileRef = 0A35991020BF704D001AE36F /* ParallaxHeroLayoutAttributes.swift */; };
		0A35993B20BF704D001AE36F /* ParallaxHeroLayoutSettings.swift in Sources */ = {isa = PBXBuildFile; fileRef = 0A35991120BF704D001AE36F /* ParallaxHeroLayoutSettings.swift */; };
		0A35993C20BF704D001AE36F /* AssetTitleOverlayView.swift in Sources */ = {isa = PBXBuildFile; fileRef = 0A35991320BF704D001AE36F /* AssetTitleOverlayView.swift */; };
		0A35993D20BF704D001AE36F /* AssetTitleOverlayView.xib in Resources */ = {isa = PBXBuildFile; fileRef = 0A35991420BF704D001AE36F /* AssetTitleOverlayView.xib */; };
		0A35993E20BF704D001AE36F /* EventTimelineCollectionViewCell.swift in Sources */ = {isa = PBXBuildFile; fileRef = 0A35991520BF704D001AE36F /* EventTimelineCollectionViewCell.swift */; };
		0A35993F20BF704D001AE36F /* HeroView.swift in Sources */ = {isa = PBXBuildFile; fileRef = 0A35991620BF704D001AE36F /* HeroView.swift */; };
		0A35994020BF704D001AE36F /* HeroView.xib in Resources */ = {isa = PBXBuildFile; fileRef = 0A35991720BF704D001AE36F /* HeroView.xib */; };
		0A35994120BF704D001AE36F /* ModalMessageView.swift in Sources */ = {isa = PBXBuildFile; fileRef = 0A35991820BF704D001AE36F /* ModalMessageView.swift */; };
		0A35994220BF704D001AE36F /* ModalMessageView.xib in Resources */ = {isa = PBXBuildFile; fileRef = 0A35991920BF704D001AE36F /* ModalMessageView.xib */; };
		0A35994320BF704D001AE36F /* ModuleDetailCollectionViewCell.swift in Sources */ = {isa = PBXBuildFile; fileRef = 0A35991A20BF704D001AE36F /* ModuleDetailCollectionViewCell.swift */; };
		0A35994420BF704D001AE36F /* SectionHeaderView.swift in Sources */ = {isa = PBXBuildFile; fileRef = 0A35991B20BF704D001AE36F /* SectionHeaderView.swift */; };
		0A35994520BF704D001AE36F /* TitleInfoView.swift in Sources */ = {isa = PBXBuildFile; fileRef = 0A35991C20BF704D001AE36F /* TitleInfoView.swift */; };
		0A35994620BF704D001AE36F /* TitleInfoView.xib in Resources */ = {isa = PBXBuildFile; fileRef = 0A35991D20BF704D001AE36F /* TitleInfoView.xib */; };
		0A35994720BF704D001AE36F /* LaunchScreen.storyboard in Resources */ = {isa = PBXBuildFile; fileRef = 0A35991E20BF704D001AE36F /* LaunchScreen.storyboard */; };
		0A35994820BF704D001AE36F /* Main.storyboard in Resources */ = {isa = PBXBuildFile; fileRef = 0A35992020BF704D001AE36F /* Main.storyboard */; };
		0A35994920BF704D001AE36F /* BrowseCollectionViewCell.swift in Sources */ = {isa = PBXBuildFile; fileRef = 0A35992320BF704D001AE36F /* BrowseCollectionViewCell.swift */; };
		0A35994A20BF704D001AE36F /* BrowseViewController.swift in Sources */ = {isa = PBXBuildFile; fileRef = 0A35992420BF704D001AE36F /* BrowseViewController.swift */; };
		0A35994B20BF704D001AE36F /* EventDetailsCollectionViewController.swift in Sources */ = {isa = PBXBuildFile; fileRef = 0A35992620BF704D001AE36F /* EventDetailsCollectionViewController.swift */; };
		0A35994C20BF704D001AE36F /* LocationDetailCell.swift in Sources */ = {isa = PBXBuildFile; fileRef = 0A35992720BF704D001AE36F /* LocationDetailCell.swift */; };
		0A35994D20BF704D001AE36F /* Images.xcassets in Resources */ = {isa = PBXBuildFile; fileRef = 0A35992820BF704D001AE36F /* Images.xcassets */; };
		0A35994F20BF704D001AE36F /* Interface.swift in Sources */ = {isa = PBXBuildFile; fileRef = 0A35992A20BF704D001AE36F /* Interface.swift */; };
		0A35995220BF704D001AE36F /* CowAsset.json in Resources */ = {isa = PBXBuildFile; fileRef = 0A35992E20BF704D001AE36F /* CowAsset.json */; };
		0A35995320BF704D001AE36F /* CowEvents.json in Resources */ = {isa = PBXBuildFile; fileRef = 0A35992F20BF704D001AE36F /* CowEvents.json */; };
		0A35995420BF704D001AE36F /* PharmacyAsset.json in Resources */ = {isa = PBXBuildFile; fileRef = 0A35993020BF704D001AE36F /* PharmacyAsset.json */; };
		0A35995520BF704D001AE36F /* PharmacyAsset2.json in Resources */ = {isa = PBXBuildFile; fileRef = 0A35993120BF704D001AE36F /* PharmacyAsset2.json */; };
		0A35995620BF704D001AE36F /* PharmacyEvents.json in Resources */ = {isa = PBXBuildFile; fileRef = 0A35993220BF704D001AE36F /* PharmacyEvents.json */; };
		0A35995720BF704D001AE36F /* PharmacyEvents2.json in Resources */ = {isa = PBXBuildFile; fileRef = 0A35993320BF704D001AE36F /* PharmacyEvents2.json */; };
		0A35995920BF704D001AE36F /* ModuleView.swift in Sources */ = {isa = PBXBuildFile; fileRef = 0A35993520BF704D001AE36F /* ModuleView.swift */; };
		0A35995A20BF704D001AE36F /* ScanViewController.swift in Sources */ = {isa = PBXBuildFile; fileRef = 0A35993620BF704D001AE36F /* ScanViewController.swift */; };
		3A6501E854914783EF6EDBF1 /* Pods_AmbrosusViewer.framework in Frameworks */ = {isa = PBXBuildFile; fileRef = BE8E7EF491A52C1B578182CE /* Pods_AmbrosusViewer.framework */; };
		6A4A0E5320C3662500DB803D /* SampleFetcher.swift in Sources */ = {isa = PBXBuildFile; fileRef = 6A4A0E5220C3662500DB803D /* SampleFetcher.swift */; };
		6A79BC2D20684D2A0096E68F /* LICENSE-2.0.txt in Resources */ = {isa = PBXBuildFile; fileRef = 6A79BC2A20684D2A0096E68F /* LICENSE-2.0.txt */; };
		6A79BC2E20684D2A0096E68F /* CHANGELOG.txt in Resources */ = {isa = PBXBuildFile; fileRef = 6A79BC2B20684D2A0096E68F /* CHANGELOG.txt */; };
		6A79BC2F20684D2A0096E68F /* ScanditBarcodeScanner.framework in Frameworks */ = {isa = PBXBuildFile; fileRef = 6A79BC2C20684D2A0096E68F /* ScanditBarcodeScanner.framework */; };
		6A79BC3120684D3D0096E68F /* MediaPlayer.framework in Frameworks */ = {isa = PBXBuildFile; fileRef = 6A79BC3020684D3D0096E68F /* MediaPlayer.framework */; };
		6A79BC3320684D450096E68F /* SystemConfiguration.framework in Frameworks */ = {isa = PBXBuildFile; fileRef = 6A79BC3220684D440096E68F /* SystemConfiguration.framework */; };
		6A79BC3520684D4D0096E68F /* QuartzCore.framework in Frameworks */ = {isa = PBXBuildFile; fileRef = 6A79BC3420684D4D0096E68F /* QuartzCore.framework */; };
		6A79BC3720684D540096E68F /* CoreMedia.framework in Frameworks */ = {isa = PBXBuildFile; fileRef = 6A79BC3620684D540096E68F /* CoreMedia.framework */; };
		6A79BC3920684D5C0096E68F /* AVFoundation.framework in Frameworks */ = {isa = PBXBuildFile; fileRef = 6A79BC3820684D5B0096E68F /* AVFoundation.framework */; };
		6A79BC3B20684D640096E68F /* AudioToolbox.framework in Frameworks */ = {isa = PBXBuildFile; fileRef = 6A79BC3A20684D640096E68F /* AudioToolbox.framework */; };
		6A79BC3D20684D6C0096E68F /* CoreGraphics.framework in Frameworks */ = {isa = PBXBuildFile; fileRef = 6A79BC3C20684D6C0096E68F /* CoreGraphics.framework */; };
		6A79BC3F20684D750096E68F /* CoreVideo.framework in Frameworks */ = {isa = PBXBuildFile; fileRef = 6A79BC3E20684D750096E68F /* CoreVideo.framework */; };
		6A79BC4120684D7B0096E68F /* MessageUI.framework in Frameworks */ = {isa = PBXBuildFile; fileRef = 6A79BC4020684D7B0096E68F /* MessageUI.framework */; };
		6A79BC4320684D840096E68F /* OpenGLES.framework in Frameworks */ = {isa = PBXBuildFile; fileRef = 6A79BC4220684D840096E68F /* OpenGLES.framework */; };
		6A79BC4520684D890096E68F /* CoreText.framework in Frameworks */ = {isa = PBXBuildFile; fileRef = 6A79BC4420684D890096E68F /* CoreText.framework */; };
		6A79BC4720684D8F0096E68F /* libc++.tbd in Frameworks */ = {isa = PBXBuildFile; fileRef = 6A79BC4620684D8F0096E68F /* libc++.tbd */; };
		6A79BC4920684D9A0096E68F /* libiconv.tbd in Frameworks */ = {isa = PBXBuildFile; fileRef = 6A79BC4820684D9A0096E68F /* libiconv.tbd */; };
		6A79BC4B20684D9F0096E68F /* libz.tbd in Frameworks */ = {isa = PBXBuildFile; fileRef = 6A79BC4A20684D9F0096E68F /* libz.tbd */; };
/* End PBXBuildFile section */

/* Begin PBXFileReference section */
		0A35990A20BF704D001AE36F /* AmbrosusViewer-Bridging-Header.h */ = {isa = PBXFileReference; fileEncoding = 4; lastKnownFileType = sourcecode.c.h; path = "AmbrosusViewer-Bridging-Header.h"; sourceTree = "<group>"; };
		0A35990B20BF704D001AE36F /* AppDelegate.swift */ = {isa = PBXFileReference; fileEncoding = 4; lastKnownFileType = sourcecode.swift; path = AppDelegate.swift; sourceTree = "<group>"; };
		0A35990D20BF704D001AE36F /* AssetDetailCollectionViewController.swift */ = {isa = PBXFileReference; fileEncoding = 4; lastKnownFileType = sourcecode.swift; path = AssetDetailCollectionViewController.swift; sourceTree = "<group>"; };
		0A35990F20BF704D001AE36F /* ParallaxHeroLayout.swift */ = {isa = PBXFileReference; fileEncoding = 4; lastKnownFileType = sourcecode.swift; path = ParallaxHeroLayout.swift; sourceTree = "<group>"; };
		0A35991020BF704D001AE36F /* ParallaxHeroLayoutAttributes.swift */ = {isa = PBXFileReference; fileEncoding = 4; lastKnownFileType = sourcecode.swift; path = ParallaxHeroLayoutAttributes.swift; sourceTree = "<group>"; };
		0A35991120BF704D001AE36F /* ParallaxHeroLayoutSettings.swift */ = {isa = PBXFileReference; fileEncoding = 4; lastKnownFileType = sourcecode.swift; path = ParallaxHeroLayoutSettings.swift; sourceTree = "<group>"; };
		0A35991320BF704D001AE36F /* AssetTitleOverlayView.swift */ = {isa = PBXFileReference; fileEncoding = 4; lastKnownFileType = sourcecode.swift; path = AssetTitleOverlayView.swift; sourceTree = "<group>"; };
		0A35991420BF704D001AE36F /* AssetTitleOverlayView.xib */ = {isa = PBXFileReference; fileEncoding = 4; lastKnownFileType = file.xib; path = AssetTitleOverlayView.xib; sourceTree = "<group>"; };
		0A35991520BF704D001AE36F /* EventTimelineCollectionViewCell.swift */ = {isa = PBXFileReference; fileEncoding = 4; lastKnownFileType = sourcecode.swift; path = EventTimelineCollectionViewCell.swift; sourceTree = "<group>"; };
		0A35991620BF704D001AE36F /* HeroView.swift */ = {isa = PBXFileReference; fileEncoding = 4; lastKnownFileType = sourcecode.swift; path = HeroView.swift; sourceTree = "<group>"; };
		0A35991720BF704D001AE36F /* HeroView.xib */ = {isa = PBXFileReference; fileEncoding = 4; lastKnownFileType = file.xib; path = HeroView.xib; sourceTree = "<group>"; };
		0A35991820BF704D001AE36F /* ModalMessageView.swift */ = {isa = PBXFileReference; fileEncoding = 4; lastKnownFileType = sourcecode.swift; path = ModalMessageView.swift; sourceTree = "<group>"; };
		0A35991920BF704D001AE36F /* ModalMessageView.xib */ = {isa = PBXFileReference; fileEncoding = 4; lastKnownFileType = file.xib; path = ModalMessageView.xib; sourceTree = "<group>"; };
		0A35991A20BF704D001AE36F /* ModuleDetailCollectionViewCell.swift */ = {isa = PBXFileReference; fileEncoding = 4; lastKnownFileType = sourcecode.swift; path = ModuleDetailCollectionViewCell.swift; sourceTree = "<group>"; };
		0A35991B20BF704D001AE36F /* SectionHeaderView.swift */ = {isa = PBXFileReference; fileEncoding = 4; lastKnownFileType = sourcecode.swift; path = SectionHeaderView.swift; sourceTree = "<group>"; };
		0A35991C20BF704D001AE36F /* TitleInfoView.swift */ = {isa = PBXFileReference; fileEncoding = 4; lastKnownFileType = sourcecode.swift; path = TitleInfoView.swift; sourceTree = "<group>"; };
		0A35991D20BF704D001AE36F /* TitleInfoView.xib */ = {isa = PBXFileReference; fileEncoding = 4; lastKnownFileType = file.xib; path = TitleInfoView.xib; sourceTree = "<group>"; };
		0A35991F20BF704D001AE36F /* Base */ = {isa = PBXFileReference; lastKnownFileType = file.storyboard; name = Base; path = Base.lproj/LaunchScreen.storyboard; sourceTree = "<group>"; };
		0A35992120BF704D001AE36F /* Base */ = {isa = PBXFileReference; lastKnownFileType = file.storyboard; name = Base; path = Base.lproj/Main.storyboard; sourceTree = "<group>"; };
		0A35992320BF704D001AE36F /* BrowseCollectionViewCell.swift */ = {isa = PBXFileReference; fileEncoding = 4; lastKnownFileType = sourcecode.swift; path = BrowseCollectionViewCell.swift; sourceTree = "<group>"; };
		0A35992420BF704D001AE36F /* BrowseViewController.swift */ = {isa = PBXFileReference; fileEncoding = 4; lastKnownFileType = sourcecode.swift; path = BrowseViewController.swift; sourceTree = "<group>"; };
		0A35992620BF704D001AE36F /* EventDetailsCollectionViewController.swift */ = {isa = PBXFileReference; fileEncoding = 4; lastKnownFileType = sourcecode.swift; path = EventDetailsCollectionViewController.swift; sourceTree = "<group>"; };
		0A35992720BF704D001AE36F /* LocationDetailCell.swift */ = {isa = PBXFileReference; fileEncoding = 4; lastKnownFileType = sourcecode.swift; path = LocationDetailCell.swift; sourceTree = "<group>"; };
		0A35992820BF704D001AE36F /* Images.xcassets */ = {isa = PBXFileReference; lastKnownFileType = folder.assetcatalog; path = Images.xcassets; sourceTree = "<group>"; };
		0A35992920BF704D001AE36F /* Info.plist */ = {isa = PBXFileReference; fileEncoding = 4; lastKnownFileType = text.plist.xml; path = Info.plist; sourceTree = "<group>"; };
		0A35992A20BF704D001AE36F /* Interface.swift */ = {isa = PBXFileReference; fileEncoding = 4; lastKnownFileType = sourcecode.swift; path = Interface.swift; sourceTree = "<group>"; };
		0A35992E20BF704D001AE36F /* CowAsset.json */ = {isa = PBXFileReference; fileEncoding = 4; lastKnownFileType = text.json; path = CowAsset.json; sourceTree = "<group>"; };
		0A35992F20BF704D001AE36F /* CowEvents.json */ = {isa = PBXFileReference; fileEncoding = 4; lastKnownFileType = text.json; path = CowEvents.json; sourceTree = "<group>"; };
		0A35993020BF704D001AE36F /* PharmacyAsset.json */ = {isa = PBXFileReference; fileEncoding = 4; lastKnownFileType = text.json; path = PharmacyAsset.json; sourceTree = "<group>"; };
		0A35993120BF704D001AE36F /* PharmacyAsset2.json */ = {isa = PBXFileReference; fileEncoding = 4; lastKnownFileType = text.json; path = PharmacyAsset2.json; sourceTree = "<group>"; };
		0A35993220BF704D001AE36F /* PharmacyEvents.json */ = {isa = PBXFileReference; fileEncoding = 4; lastKnownFileType = text.json; path = PharmacyEvents.json; sourceTree = "<group>"; };
		0A35993320BF704D001AE36F /* PharmacyEvents2.json */ = {isa = PBXFileReference; fileEncoding = 4; lastKnownFileType = text.json; path = PharmacyEvents2.json; sourceTree = "<group>"; };
		0A35993520BF704D001AE36F /* ModuleView.swift */ = {isa = PBXFileReference; fileEncoding = 4; lastKnownFileType = sourcecode.swift; path = ModuleView.swift; sourceTree = "<group>"; };
		0A35993620BF704D001AE36F /* ScanViewController.swift */ = {isa = PBXFileReference; fileEncoding = 4; lastKnownFileType = sourcecode.swift; path = ScanViewController.swift; sourceTree = "<group>"; };
		607FACD01AFB9204008FA782 /* AmbrosusViewer.app */ = {isa = PBXFileReference; explicitFileType = wrapper.application; includeInIndex = 0; path = AmbrosusViewer.app; sourceTree = BUILT_PRODUCTS_DIR; };
		6A4A0E5220C3662500DB803D /* SampleFetcher.swift */ = {isa = PBXFileReference; fileEncoding = 4; lastKnownFileType = sourcecode.swift; path = SampleFetcher.swift; sourceTree = "<group>"; };
		6A5490180ED09ECFD3C82281 /* AmbrosusSDK.podspec */ = {isa = PBXFileReference; includeInIndex = 1; lastKnownFileType = text; name = AmbrosusSDK.podspec; path = ../AmbrosusSDK.podspec; sourceTree = "<group>"; };
		6A79BC2A20684D2A0096E68F /* LICENSE-2.0.txt */ = {isa = PBXFileReference; fileEncoding = 4; lastKnownFileType = text; path = "LICENSE-2.0.txt"; sourceTree = "<group>"; };
		6A79BC2B20684D2A0096E68F /* CHANGELOG.txt */ = {isa = PBXFileReference; fileEncoding = 4; lastKnownFileType = text; path = CHANGELOG.txt; sourceTree = "<group>"; };
		6A79BC2C20684D2A0096E68F /* ScanditBarcodeScanner.framework */ = {isa = PBXFileReference; lastKnownFileType = wrapper.framework; path = ScanditBarcodeScanner.framework; sourceTree = "<group>"; };
		6A79BC3020684D3D0096E68F /* MediaPlayer.framework */ = {isa = PBXFileReference; lastKnownFileType = wrapper.framework; name = MediaPlayer.framework; path = System/Library/Frameworks/MediaPlayer.framework; sourceTree = SDKROOT; };
		6A79BC3220684D440096E68F /* SystemConfiguration.framework */ = {isa = PBXFileReference; lastKnownFileType = wrapper.framework; name = SystemConfiguration.framework; path = System/Library/Frameworks/SystemConfiguration.framework; sourceTree = SDKROOT; };
		6A79BC3420684D4D0096E68F /* QuartzCore.framework */ = {isa = PBXFileReference; lastKnownFileType = wrapper.framework; name = QuartzCore.framework; path = System/Library/Frameworks/QuartzCore.framework; sourceTree = SDKROOT; };
		6A79BC3620684D540096E68F /* CoreMedia.framework */ = {isa = PBXFileReference; lastKnownFileType = wrapper.framework; name = CoreMedia.framework; path = System/Library/Frameworks/CoreMedia.framework; sourceTree = SDKROOT; };
		6A79BC3820684D5B0096E68F /* AVFoundation.framework */ = {isa = PBXFileReference; lastKnownFileType = wrapper.framework; name = AVFoundation.framework; path = System/Library/Frameworks/AVFoundation.framework; sourceTree = SDKROOT; };
		6A79BC3A20684D640096E68F /* AudioToolbox.framework */ = {isa = PBXFileReference; lastKnownFileType = wrapper.framework; name = AudioToolbox.framework; path = System/Library/Frameworks/AudioToolbox.framework; sourceTree = SDKROOT; };
		6A79BC3C20684D6C0096E68F /* CoreGraphics.framework */ = {isa = PBXFileReference; lastKnownFileType = wrapper.framework; name = CoreGraphics.framework; path = System/Library/Frameworks/CoreGraphics.framework; sourceTree = SDKROOT; };
		6A79BC3E20684D750096E68F /* CoreVideo.framework */ = {isa = PBXFileReference; lastKnownFileType = wrapper.framework; name = CoreVideo.framework; path = System/Library/Frameworks/CoreVideo.framework; sourceTree = SDKROOT; };
		6A79BC4020684D7B0096E68F /* MessageUI.framework */ = {isa = PBXFileReference; lastKnownFileType = wrapper.framework; name = MessageUI.framework; path = System/Library/Frameworks/MessageUI.framework; sourceTree = SDKROOT; };
		6A79BC4220684D840096E68F /* OpenGLES.framework */ = {isa = PBXFileReference; lastKnownFileType = wrapper.framework; name = OpenGLES.framework; path = System/Library/Frameworks/OpenGLES.framework; sourceTree = SDKROOT; };
		6A79BC4420684D890096E68F /* CoreText.framework */ = {isa = PBXFileReference; lastKnownFileType = wrapper.framework; name = CoreText.framework; path = System/Library/Frameworks/CoreText.framework; sourceTree = SDKROOT; };
		6A79BC4620684D8F0096E68F /* libc++.tbd */ = {isa = PBXFileReference; lastKnownFileType = "sourcecode.text-based-dylib-definition"; name = "libc++.tbd"; path = "usr/lib/libc++.tbd"; sourceTree = SDKROOT; };
		6A79BC4820684D9A0096E68F /* libiconv.tbd */ = {isa = PBXFileReference; lastKnownFileType = "sourcecode.text-based-dylib-definition"; name = libiconv.tbd; path = usr/lib/libiconv.tbd; sourceTree = SDKROOT; };
		6A79BC4A20684D9F0096E68F /* libz.tbd */ = {isa = PBXFileReference; lastKnownFileType = "sourcecode.text-based-dylib-definition"; name = libz.tbd; path = usr/lib/libz.tbd; sourceTree = SDKROOT; };
		6DA23BC10ECA5A682797006E /* Pods-AmbrosusViewer.debug.xcconfig */ = {isa = PBXFileReference; includeInIndex = 1; lastKnownFileType = text.xcconfig; name = "Pods-AmbrosusViewer.debug.xcconfig"; path = "Pods/Target Support Files/Pods-AmbrosusViewer/Pods-AmbrosusViewer.debug.xcconfig"; sourceTree = "<group>"; };
		81F94995700DDB21853AB55F /* Pods-AmbrosusViewer.release.xcconfig */ = {isa = PBXFileReference; includeInIndex = 1; lastKnownFileType = text.xcconfig; name = "Pods-AmbrosusViewer.release.xcconfig"; path = "Pods/Target Support Files/Pods-AmbrosusViewer/Pods-AmbrosusViewer.release.xcconfig"; sourceTree = "<group>"; };
		A070266F8FAE476168873E7F /* LICENSE */ = {isa = PBXFileReference; includeInIndex = 1; lastKnownFileType = text; name = LICENSE; path = ../LICENSE; sourceTree = "<group>"; };
		AA80AD270B8AC41C9DB67F52 /* README.md */ = {isa = PBXFileReference; includeInIndex = 1; lastKnownFileType = net.daringfireball.markdown; name = README.md; path = ../README.md; sourceTree = "<group>"; };
		BE8E7EF491A52C1B578182CE /* Pods_AmbrosusViewer.framework */ = {isa = PBXFileReference; explicitFileType = wrapper.framework; includeInIndex = 0; path = Pods_AmbrosusViewer.framework; sourceTree = BUILT_PRODUCTS_DIR; };
/* End PBXFileReference section */

/* Begin PBXFrameworksBuildPhase section */
		607FACCD1AFB9204008FA782 /* Frameworks */ = {
			isa = PBXFrameworksBuildPhase;
			buildActionMask = 2147483647;
			files = (
				6A79BC4B20684D9F0096E68F /* libz.tbd in Frameworks */,
				6A79BC4920684D9A0096E68F /* libiconv.tbd in Frameworks */,
				6A79BC4720684D8F0096E68F /* libc++.tbd in Frameworks */,
				6A79BC4520684D890096E68F /* CoreText.framework in Frameworks */,
				6A79BC4320684D840096E68F /* OpenGLES.framework in Frameworks */,
				6A79BC4120684D7B0096E68F /* MessageUI.framework in Frameworks */,
				6A79BC3F20684D750096E68F /* CoreVideo.framework in Frameworks */,
				6A79BC3D20684D6C0096E68F /* CoreGraphics.framework in Frameworks */,
				6A79BC3B20684D640096E68F /* AudioToolbox.framework in Frameworks */,
				6A79BC3920684D5C0096E68F /* AVFoundation.framework in Frameworks */,
				6A79BC3720684D540096E68F /* CoreMedia.framework in Frameworks */,
				6A79BC3520684D4D0096E68F /* QuartzCore.framework in Frameworks */,
				6A79BC3320684D450096E68F /* SystemConfiguration.framework in Frameworks */,
				6A79BC3120684D3D0096E68F /* MediaPlayer.framework in Frameworks */,
				6A79BC2F20684D2A0096E68F /* ScanditBarcodeScanner.framework in Frameworks */,
				3A6501E854914783EF6EDBF1 /* Pods_AmbrosusViewer.framework in Frameworks */,
			);
			runOnlyForDeploymentPostprocessing = 0;
		};
/* End PBXFrameworksBuildPhase section */

/* Begin PBXGroup section */
		0A35990820BF704D001AE36F /* App */ = {
			isa = PBXGroup;
			children = (
				0A35990A20BF704D001AE36F /* AmbrosusViewer-Bridging-Header.h */,
				0A35990B20BF704D001AE36F /* AppDelegate.swift */,
				0A35990C20BF704D001AE36F /* AssetDetails */,
				0A35991E20BF704D001AE36F /* LaunchScreen.storyboard */,
				0A35992020BF704D001AE36F /* Main.storyboard */,
				0A35992220BF704D001AE36F /* Browse */,
				0A35992520BF704D001AE36F /* EventDetails */,
				0A35992820BF704D001AE36F /* Images.xcassets */,
				0A35992920BF704D001AE36F /* Info.plist */,
				0A35992A20BF704D001AE36F /* Interface.swift */,
				0A35992B20BF704D001AE36F /* JSONSamples */,
				0A35993520BF704D001AE36F /* ModuleView.swift */,
				6A4A0E5220C3662500DB803D /* SampleFetcher.swift */,
				0A35993620BF704D001AE36F /* ScanViewController.swift */,
			);
			path = App;
			sourceTree = "<group>";
		};
		0A35990C20BF704D001AE36F /* AssetDetails */ = {
			isa = PBXGroup;
			children = (
				0A35990D20BF704D001AE36F /* AssetDetailCollectionViewController.swift */,
				0A35990E20BF704D001AE36F /* ParallaxHeroLayout */,
				0A35991220BF704D001AE36F /* ReusableViews */,
			);
			path = AssetDetails;
			sourceTree = "<group>";
		};
		0A35990E20BF704D001AE36F /* ParallaxHeroLayout */ = {
			isa = PBXGroup;
			children = (
				0A35990F20BF704D001AE36F /* ParallaxHeroLayout.swift */,
				0A35991020BF704D001AE36F /* ParallaxHeroLayoutAttributes.swift */,
				0A35991120BF704D001AE36F /* ParallaxHeroLayoutSettings.swift */,
			);
			path = ParallaxHeroLayout;
			sourceTree = "<group>";
		};
		0A35991220BF704D001AE36F /* ReusableViews */ = {
			isa = PBXGroup;
			children = (
				0A35991320BF704D001AE36F /* AssetTitleOverlayView.swift */,
				0A35991420BF704D001AE36F /* AssetTitleOverlayView.xib */,
				0A35991520BF704D001AE36F /* EventTimelineCollectionViewCell.swift */,
				0A35991620BF704D001AE36F /* HeroView.swift */,
				0A35991720BF704D001AE36F /* HeroView.xib */,
				0A35991820BF704D001AE36F /* ModalMessageView.swift */,
				0A35991920BF704D001AE36F /* ModalMessageView.xib */,
				0A35991A20BF704D001AE36F /* ModuleDetailCollectionViewCell.swift */,
				0A35991B20BF704D001AE36F /* SectionHeaderView.swift */,
				0A35991C20BF704D001AE36F /* TitleInfoView.swift */,
				0A35991D20BF704D001AE36F /* TitleInfoView.xib */,
			);
			path = ReusableViews;
			sourceTree = "<group>";
		};
		0A35992220BF704D001AE36F /* Browse */ = {
			isa = PBXGroup;
			children = (
				0A35992320BF704D001AE36F /* BrowseCollectionViewCell.swift */,
				0A35992420BF704D001AE36F /* BrowseViewController.swift */,
			);
			path = Browse;
			sourceTree = "<group>";
		};
		0A35992520BF704D001AE36F /* EventDetails */ = {
			isa = PBXGroup;
			children = (
				0A35992620BF704D001AE36F /* EventDetailsCollectionViewController.swift */,
				0A35992720BF704D001AE36F /* LocationDetailCell.swift */,
			);
			path = EventDetails;
			sourceTree = "<group>";
		};
		0A35992B20BF704D001AE36F /* JSONSamples */ = {
			isa = PBXGroup;
			children = (
				0A35992E20BF704D001AE36F /* CowAsset.json */,
				0A35992F20BF704D001AE36F /* CowEvents.json */,
				0A35993020BF704D001AE36F /* PharmacyAsset.json */,
				0A35993120BF704D001AE36F /* PharmacyAsset2.json */,
				0A35993220BF704D001AE36F /* PharmacyEvents.json */,
				0A35993320BF704D001AE36F /* PharmacyEvents2.json */,
			);
			path = JSONSamples;
			sourceTree = "<group>";
		};
		0CCEBBE557439C25BEA68D54 /* Pods */ = {
			isa = PBXGroup;
			children = (
				6DA23BC10ECA5A682797006E /* Pods-AmbrosusViewer.debug.xcconfig */,
				81F94995700DDB21853AB55F /* Pods-AmbrosusViewer.release.xcconfig */,
			);
			name = Pods;
			sourceTree = "<group>";
		};
		607FACC71AFB9204008FA782 = {
			isa = PBXGroup;
			children = (
				607FACF51AFB993E008FA782 /* Podspec Metadata */,
				6A79BC2920684D2A0096E68F /* ScanditSDK */,
				0A35990820BF704D001AE36F /* App */,
				607FACD11AFB9204008FA782 /* Products */,
				757CCF2A5EF08F55B8B5C36C /* Frameworks */,
				0CCEBBE557439C25BEA68D54 /* Pods */,
			);
			sourceTree = "<group>";
		};
		607FACD11AFB9204008FA782 /* Products */ = {
			isa = PBXGroup;
			children = (
				607FACD01AFB9204008FA782 /* AmbrosusViewer.app */,
			);
			name = Products;
			sourceTree = "<group>";
		};
		607FACF51AFB993E008FA782 /* Podspec Metadata */ = {
			isa = PBXGroup;
			children = (
				6A5490180ED09ECFD3C82281 /* AmbrosusSDK.podspec */,
				AA80AD270B8AC41C9DB67F52 /* README.md */,
				A070266F8FAE476168873E7F /* LICENSE */,
			);
			name = "Podspec Metadata";
			sourceTree = "<group>";
		};
		6A79BC2920684D2A0096E68F /* ScanditSDK */ = {
			isa = PBXGroup;
			children = (
				6A79BC2A20684D2A0096E68F /* LICENSE-2.0.txt */,
				6A79BC2B20684D2A0096E68F /* CHANGELOG.txt */,
				6A79BC2C20684D2A0096E68F /* ScanditBarcodeScanner.framework */,
			);
			path = ScanditSDK;
			sourceTree = "<group>";
		};
		757CCF2A5EF08F55B8B5C36C /* Frameworks */ = {
			isa = PBXGroup;
			children = (
				6A79BC4A20684D9F0096E68F /* libz.tbd */,
				6A79BC4820684D9A0096E68F /* libiconv.tbd */,
				6A79BC4620684D8F0096E68F /* libc++.tbd */,
				6A79BC4420684D890096E68F /* CoreText.framework */,
				6A79BC4220684D840096E68F /* OpenGLES.framework */,
				6A79BC4020684D7B0096E68F /* MessageUI.framework */,
				6A79BC3E20684D750096E68F /* CoreVideo.framework */,
				6A79BC3C20684D6C0096E68F /* CoreGraphics.framework */,
				6A79BC3A20684D640096E68F /* AudioToolbox.framework */,
				6A79BC3820684D5B0096E68F /* AVFoundation.framework */,
				6A79BC3620684D540096E68F /* CoreMedia.framework */,
				6A79BC3420684D4D0096E68F /* QuartzCore.framework */,
				6A79BC3220684D440096E68F /* SystemConfiguration.framework */,
				6A79BC3020684D3D0096E68F /* MediaPlayer.framework */,
				BE8E7EF491A52C1B578182CE /* Pods_AmbrosusViewer.framework */,
			);
			name = Frameworks;
			sourceTree = "<group>";
		};
/* End PBXGroup section */

/* Begin PBXNativeTarget section */
		607FACCF1AFB9204008FA782 /* AmbrosusViewer */ = {
			isa = PBXNativeTarget;
			buildConfigurationList = 607FACEF1AFB9204008FA782 /* Build configuration list for PBXNativeTarget "AmbrosusViewer" */;
			buildPhases = (
				C00A04138C2D6988A2A9A8E6 /* [CP] Check Pods Manifest.lock */,
				607FACCC1AFB9204008FA782 /* Sources */,
				607FACCD1AFB9204008FA782 /* Frameworks */,
				607FACCE1AFB9204008FA782 /* Resources */,
				C90497C9AD8EA4A37ED1E031 /* [CP] Embed Pods Frameworks */,
			);
			buildRules = (
			);
			dependencies = (
			);
			name = AmbrosusViewer;
			productName = AmbrosusSDK;
			productReference = 607FACD01AFB9204008FA782 /* AmbrosusViewer.app */;
			productType = "com.apple.product-type.application";
		};
/* End PBXNativeTarget section */

/* Begin PBXProject section */
		607FACC81AFB9204008FA782 /* Project object */ = {
			isa = PBXProject;
			attributes = {
				LastSwiftUpdateCheck = 0830;
				LastUpgradeCheck = 0830;
				ORGANIZATIONNAME = CocoaPods;
				TargetAttributes = {
					607FACCF1AFB9204008FA782 = {
						CreatedOnToolsVersion = 6.3.1;
						LastSwiftMigration = 0920;
						ProvisioningStyle = Automatic;
					};
				};
			};
			buildConfigurationList = 607FACCB1AFB9204008FA782 /* Build configuration list for PBXProject "AmbrosusViewer" */;
			compatibilityVersion = "Xcode 3.2";
			developmentRegion = English;
			hasScannedForEncodings = 0;
			knownRegions = (
				en,
				Base,
			);
			mainGroup = 607FACC71AFB9204008FA782;
			productRefGroup = 607FACD11AFB9204008FA782 /* Products */;
			projectDirPath = "";
			projectRoot = "";
			targets = (
				607FACCF1AFB9204008FA782 /* AmbrosusViewer */,
			);
		};
/* End PBXProject section */

/* Begin PBXResourcesBuildPhase section */
		607FACCE1AFB9204008FA782 /* Resources */ = {
			isa = PBXResourcesBuildPhase;
			buildActionMask = 2147483647;
			files = (
				0A35995520BF704D001AE36F /* PharmacyAsset2.json in Resources */,
				6A79BC2E20684D2A0096E68F /* CHANGELOG.txt in Resources */,
				0A35995620BF704D001AE36F /* PharmacyEvents.json in Resources */,
				0A35994D20BF704D001AE36F /* Images.xcassets in Resources */,
				0A35994720BF704D001AE36F /* LaunchScreen.storyboard in Resources */,
				6A79BC2D20684D2A0096E68F /* LICENSE-2.0.txt in Resources */,
				0A35994620BF704D001AE36F /* TitleInfoView.xib in Resources */,
				0A35994820BF704D001AE36F /* Main.storyboard in Resources */,
				0A35995220BF704D001AE36F /* CowAsset.json in Resources */,
				0A35995420BF704D001AE36F /* PharmacyAsset.json in Resources */,
				0A35995720BF704D001AE36F /* PharmacyEvents2.json in Resources */,
				0A35994020BF704D001AE36F /* HeroView.xib in Resources */,
				0A35995320BF704D001AE36F /* CowEvents.json in Resources */,
				0A35993D20BF704D001AE36F /* AssetTitleOverlayView.xib in Resources */,
				0A35994220BF704D001AE36F /* ModalMessageView.xib in Resources */,
			);
			runOnlyForDeploymentPostprocessing = 0;
		};
/* End PBXResourcesBuildPhase section */

/* Begin PBXShellScriptBuildPhase section */
		C00A04138C2D6988A2A9A8E6 /* [CP] Check Pods Manifest.lock */ = {
			isa = PBXShellScriptBuildPhase;
			buildActionMask = 2147483647;
			files = (
			);
			inputPaths = (
				"${PODS_PODFILE_DIR_PATH}/Podfile.lock",
				"${PODS_ROOT}/Manifest.lock",
			);
			name = "[CP] Check Pods Manifest.lock";
			outputPaths = (
				"$(DERIVED_FILE_DIR)/Pods-AmbrosusViewer-checkManifestLockResult.txt",
			);
			runOnlyForDeploymentPostprocessing = 0;
			shellPath = /bin/sh;
			shellScript = "diff \"${PODS_PODFILE_DIR_PATH}/Podfile.lock\" \"${PODS_ROOT}/Manifest.lock\" > /dev/null\nif [ $? != 0 ] ; then\n    # print error to STDERR\n    echo \"error: The sandbox is not in sync with the Podfile.lock. Run 'pod install' or update your CocoaPods installation.\" >&2\n    exit 1\nfi\n# This output is used by Xcode 'outputs' to avoid re-running this script phase.\necho \"SUCCESS\" > \"${SCRIPT_OUTPUT_FILE_0}\"\n";
			showEnvVarsInLog = 0;
		};
		C90497C9AD8EA4A37ED1E031 /* [CP] Embed Pods Frameworks */ = {
			isa = PBXShellScriptBuildPhase;
			buildActionMask = 2147483647;
			files = (
			);
			inputPaths = (
				"${SRCROOT}/Pods/Target Support Files/Pods-AmbrosusViewer/Pods-AmbrosusViewer-frameworks.sh",
				"${BUILT_PRODUCTS_DIR}/AmbrosusSDK/AmbrosusSDK.framework",
			);
			name = "[CP] Embed Pods Frameworks";
			outputPaths = (
				"${TARGET_BUILD_DIR}/${FRAMEWORKS_FOLDER_PATH}/AmbrosusSDK.framework",
			);
			runOnlyForDeploymentPostprocessing = 0;
			shellPath = /bin/sh;
			shellScript = "\"${SRCROOT}/Pods/Target Support Files/Pods-AmbrosusViewer/Pods-AmbrosusViewer-frameworks.sh\"\n";
			showEnvVarsInLog = 0;
		};
/* End PBXShellScriptBuildPhase section */

/* Begin PBXSourcesBuildPhase section */
		607FACCC1AFB9204008FA782 /* Sources */ = {
			isa = PBXSourcesBuildPhase;
			buildActionMask = 2147483647;
			files = (
				0A35993A20BF704D001AE36F /* ParallaxHeroLayoutAttributes.swift in Sources */,
				0A35994A20BF704D001AE36F /* BrowseViewController.swift in Sources */,
				0A35994920BF704D001AE36F /* BrowseCollectionViewCell.swift in Sources */,
				0A35995A20BF704D001AE36F /* ScanViewController.swift in Sources */,
				0A35994C20BF704D001AE36F /* LocationDetailCell.swift in Sources */,
				0A35993B20BF704D001AE36F /* ParallaxHeroLayoutSettings.swift in Sources */,
				0A35993C20BF704D001AE36F /* AssetTitleOverlayView.swift in Sources */,
				0A35995920BF704D001AE36F /* ModuleView.swift in Sources */,
				0A35994F20BF704D001AE36F /* Interface.swift in Sources */,
				0A35994420BF704D001AE36F /* SectionHeaderView.swift in Sources */,
				0A35994320BF704D001AE36F /* ModuleDetailCollectionViewCell.swift in Sources */,
				0A35993E20BF704D001AE36F /* EventTimelineCollectionViewCell.swift in Sources */,
				0A35993920BF704D001AE36F /* ParallaxHeroLayout.swift in Sources */,
				0A35994B20BF704D001AE36F /* EventDetailsCollectionViewController.swift in Sources */,
				0A35994120BF704D001AE36F /* ModalMessageView.swift in Sources */,
				0A35993820BF704D001AE36F /* AssetDetailCollectionViewController.swift in Sources */,
				6A4A0E5320C3662500DB803D /* SampleFetcher.swift in Sources */,
				0A35994520BF704D001AE36F /* TitleInfoView.swift in Sources */,
				0A35993720BF704D001AE36F /* AppDelegate.swift in Sources */,
				0A35993F20BF704D001AE36F /* HeroView.swift in Sources */,
			);
			runOnlyForDeploymentPostprocessing = 0;
		};
/* End PBXSourcesBuildPhase section */

/* Begin PBXVariantGroup section */
		0A35991E20BF704D001AE36F /* LaunchScreen.storyboard */ = {
			isa = PBXVariantGroup;
			children = (
				0A35991F20BF704D001AE36F /* Base */,
			);
			name = LaunchScreen.storyboard;
			sourceTree = "<group>";
		};
		0A35992020BF704D001AE36F /* Main.storyboard */ = {
			isa = PBXVariantGroup;
			children = (
				0A35992120BF704D001AE36F /* Base */,
			);
			name = Main.storyboard;
			sourceTree = "<group>";
		};
/* End PBXVariantGroup section */

/* Begin XCBuildConfiguration section */
		607FACED1AFB9204008FA782 /* Debug */ = {
			isa = XCBuildConfiguration;
			buildSettings = {
				ALWAYS_SEARCH_USER_PATHS = NO;
				CLANG_CXX_LANGUAGE_STANDARD = "gnu++0x";
				CLANG_CXX_LIBRARY = "libc++";
				CLANG_ENABLE_MODULES = YES;
				CLANG_ENABLE_OBJC_ARC = YES;
				CLANG_WARN_BLOCK_CAPTURE_AUTORELEASING = YES;
				CLANG_WARN_BOOL_CONVERSION = YES;
				CLANG_WARN_COMMA = YES;
				CLANG_WARN_CONSTANT_CONVERSION = YES;
				CLANG_WARN_DIRECT_OBJC_ISA_USAGE = YES_ERROR;
				CLANG_WARN_EMPTY_BODY = YES;
				CLANG_WARN_ENUM_CONVERSION = YES;
				CLANG_WARN_INFINITE_RECURSION = YES;
				CLANG_WARN_INT_CONVERSION = YES;
				CLANG_WARN_NON_LITERAL_NULL_CONVERSION = YES;
				CLANG_WARN_OBJC_LITERAL_CONVERSION = YES;
				CLANG_WARN_OBJC_ROOT_CLASS = YES_ERROR;
				CLANG_WARN_RANGE_LOOP_ANALYSIS = YES;
				CLANG_WARN_STRICT_PROTOTYPES = YES;
				CLANG_WARN_SUSPICIOUS_MOVE = YES;
				CLANG_WARN_UNREACHABLE_CODE = YES;
				CLANG_WARN__DUPLICATE_METHOD_MATCH = YES;
				"CODE_SIGN_IDENTITY[sdk=iphoneos*]" = "iPhone Developer";
				COPY_PHASE_STRIP = NO;
				DEBUG_INFORMATION_FORMAT = "dwarf-with-dsym";
				ENABLE_STRICT_OBJC_MSGSEND = YES;
				ENABLE_TESTABILITY = YES;
				GCC_C_LANGUAGE_STANDARD = gnu99;
				GCC_DYNAMIC_NO_PIC = NO;
				GCC_NO_COMMON_BLOCKS = YES;
				GCC_OPTIMIZATION_LEVEL = 0;
				GCC_PREPROCESSOR_DEFINITIONS = (
					"DEBUG=1",
					"$(inherited)",
				);
				GCC_SYMBOLS_PRIVATE_EXTERN = NO;
				GCC_WARN_64_TO_32_BIT_CONVERSION = YES;
				GCC_WARN_ABOUT_RETURN_TYPE = YES_ERROR;
				GCC_WARN_UNDECLARED_SELECTOR = YES;
				GCC_WARN_UNINITIALIZED_AUTOS = YES_AGGRESSIVE;
				GCC_WARN_UNUSED_FUNCTION = YES;
				GCC_WARN_UNUSED_VARIABLE = YES;
				IPHONEOS_DEPLOYMENT_TARGET = 11.0;
				MTL_ENABLE_DEBUG_INFO = YES;
				ONLY_ACTIVE_ARCH = YES;
				SDKROOT = iphoneos;
				SWIFT_OPTIMIZATION_LEVEL = "-Onone";
				SWIFT_VERSION = 4.0;
			};
			name = Debug;
		};
		607FACEE1AFB9204008FA782 /* Release */ = {
			isa = XCBuildConfiguration;
			buildSettings = {
				ALWAYS_SEARCH_USER_PATHS = NO;
				CLANG_CXX_LANGUAGE_STANDARD = "gnu++0x";
				CLANG_CXX_LIBRARY = "libc++";
				CLANG_ENABLE_MODULES = YES;
				CLANG_ENABLE_OBJC_ARC = YES;
				CLANG_WARN_BLOCK_CAPTURE_AUTORELEASING = YES;
				CLANG_WARN_BOOL_CONVERSION = YES;
				CLANG_WARN_COMMA = YES;
				CLANG_WARN_CONSTANT_CONVERSION = YES;
				CLANG_WARN_DIRECT_OBJC_ISA_USAGE = YES_ERROR;
				CLANG_WARN_EMPTY_BODY = YES;
				CLANG_WARN_ENUM_CONVERSION = YES;
				CLANG_WARN_INFINITE_RECURSION = YES;
				CLANG_WARN_INT_CONVERSION = YES;
				CLANG_WARN_NON_LITERAL_NULL_CONVERSION = YES;
				CLANG_WARN_OBJC_LITERAL_CONVERSION = YES;
				CLANG_WARN_OBJC_ROOT_CLASS = YES_ERROR;
				CLANG_WARN_RANGE_LOOP_ANALYSIS = YES;
				CLANG_WARN_STRICT_PROTOTYPES = YES;
				CLANG_WARN_SUSPICIOUS_MOVE = YES;
				CLANG_WARN_UNREACHABLE_CODE = YES;
				CLANG_WARN__DUPLICATE_METHOD_MATCH = YES;
				"CODE_SIGN_IDENTITY[sdk=iphoneos*]" = "iPhone Developer";
				COPY_PHASE_STRIP = NO;
				DEBUG_INFORMATION_FORMAT = "dwarf-with-dsym";
				ENABLE_NS_ASSERTIONS = NO;
				ENABLE_STRICT_OBJC_MSGSEND = YES;
				GCC_C_LANGUAGE_STANDARD = gnu99;
				GCC_NO_COMMON_BLOCKS = YES;
				GCC_WARN_64_TO_32_BIT_CONVERSION = YES;
				GCC_WARN_ABOUT_RETURN_TYPE = YES_ERROR;
				GCC_WARN_UNDECLARED_SELECTOR = YES;
				GCC_WARN_UNINITIALIZED_AUTOS = YES_AGGRESSIVE;
				GCC_WARN_UNUSED_FUNCTION = YES;
				GCC_WARN_UNUSED_VARIABLE = YES;
				IPHONEOS_DEPLOYMENT_TARGET = 11.0;
				MTL_ENABLE_DEBUG_INFO = NO;
				SDKROOT = iphoneos;
				SWIFT_OPTIMIZATION_LEVEL = "-Owholemodule";
				SWIFT_VERSION = 4.0;
				VALIDATE_PRODUCT = YES;
			};
			name = Release;
		};
		607FACF01AFB9204008FA782 /* Debug */ = {
			isa = XCBuildConfiguration;
			baseConfigurationReference = 6DA23BC10ECA5A682797006E /* Pods-AmbrosusViewer.debug.xcconfig */;
			buildSettings = {
				ASSETCATALOG_COMPILER_APPICON_NAME = AppIcon;
				CLANG_ENABLE_MODULES = YES;
				CODE_SIGN_IDENTITY = "iPhone Developer";
				CODE_SIGN_STYLE = Automatic;
				CURRENT_PROJECT_VERSION = 40;
				DEVELOPMENT_TEAM = "";
				FRAMEWORK_SEARCH_PATHS = (
					"$(inherited)",
					"$(PROJECT_DIR)/ScanditSDK",
				);
				INFOPLIST_FILE = "$(SRCROOT)/App/Info.plist";
				IPHONEOS_DEPLOYMENT_TARGET = 11.0;
				LD_RUNPATH_SEARCH_PATHS = "$(inherited) @executable_path/Frameworks";
				MODULE_NAME = ExampleApp;
				PRODUCT_BUNDLE_IDENTIFIER = com.ambrosus.example;
				PRODUCT_NAME = "$(TARGET_NAME)";
				PROVISIONING_PROFILE_SPECIFIER = "";
				SWIFT_OBJC_BRIDGING_HEADER = "App/AmbrosusViewer-Bridging-Header.h";
				SWIFT_OPTIMIZATION_LEVEL = "-Onone";
				SWIFT_SWIFT3_OBJC_INFERENCE = Default;
				SWIFT_VERSION = 4.0;
				TARGETED_DEVICE_FAMILY = "1,2";
				VERSIONING_SYSTEM = "apple-generic";
			};
			name = Debug;
		};
		607FACF11AFB9204008FA782 /* Release */ = {
			isa = XCBuildConfiguration;
			baseConfigurationReference = 81F94995700DDB21853AB55F /* Pods-AmbrosusViewer.release.xcconfig */;
			buildSettings = {
				ASSETCATALOG_COMPILER_APPICON_NAME = AppIcon;
				CLANG_ENABLE_MODULES = YES;
				CODE_SIGN_IDENTITY = "iPhone Developer";
				CODE_SIGN_STYLE = Automatic;
				CURRENT_PROJECT_VERSION = 40;
				DEVELOPMENT_TEAM = "";
				FRAMEWORK_SEARCH_PATHS = (
					"$(inherited)",
					"$(PROJECT_DIR)/ScanditSDK",
				);
				INFOPLIST_FILE = "$(SRCROOT)/App/Info.plist";
				IPHONEOS_DEPLOYMENT_TARGET = 11.0;
				LD_RUNPATH_SEARCH_PATHS = "$(inherited) @executable_path/Frameworks";
				MODULE_NAME = ExampleApp;
				PRODUCT_BUNDLE_IDENTIFIER = com.ambrosus.example;
				PRODUCT_NAME = "$(TARGET_NAME)";
				PROVISIONING_PROFILE_SPECIFIER = "";
				SWIFT_OBJC_BRIDGING_HEADER = "App/AmbrosusViewer-Bridging-Header.h";
				SWIFT_SWIFT3_OBJC_INFERENCE = Default;
				SWIFT_VERSION = 4.0;
				TARGETED_DEVICE_FAMILY = "1,2";
				VERSIONING_SYSTEM = "apple-generic";
			};
			name = Release;
		};
/* End XCBuildConfiguration section */

/* Begin XCConfigurationList section */
		607FACCB1AFB9204008FA782 /* Build configuration list for PBXProject "AmbrosusViewer" */ = {
			isa = XCConfigurationList;
			buildConfigurations = (
				607FACED1AFB9204008FA782 /* Debug */,
				607FACEE1AFB9204008FA782 /* Release */,
			);
			defaultConfigurationIsVisible = 0;
			defaultConfigurationName = Release;
		};
		607FACEF1AFB9204008FA782 /* Build configuration list for PBXNativeTarget "AmbrosusViewer" */ = {
			isa = XCConfigurationList;
			buildConfigurations = (
				607FACF01AFB9204008FA782 /* Debug */,
				607FACF11AFB9204008FA782 /* Release */,
			);
			defaultConfigurationIsVisible = 0;
			defaultConfigurationName = Release;
		};
/* End XCConfigurationList section */
	};
	rootObject = 607FACC81AFB9204008FA782 /* Project object */;
}
